
Microsoft Visual Studio Solution File, Format Version 12.00
# Visual Studio Version 17
VisualStudioVersion = 17.14.36203.30 d17.14
MinimumVisualStudioVersion = 10.0.40219.1
Project("{FAE04EC0-301F-11D3-BF4B-00C04F79EFBC}") = "WebAPI", "WebAPI\WebAPI.csproj", "{DA12360E-FEC0-472B-A3F6-6926E91F1F3E}"
EndProject
Global
	GlobalSection(SolutionConfigurationPlatforms) = preSolution
		Debug|Any CPU = Debug|Any CPU
		Release|Any CPU = Release|Any CPU
	EndGlobalSection
	GlobalSection(ProjectConfigurationPlatforms) = postSolution
		{DA12360E-FEC0-472B-A3F6-6926E91F1F3E}.Debug|Any CPU.ActiveCfg = Debug|Any CPU
		{DA12360E-FEC0-472B-A3F6-6926E91F1F3E}.Debug|Any CPU.Build.0 = Debug|Any CPU
		{DA12360E-FEC0-472B-A3F6-6926E91F1F3E}.Release|Any CPU.ActiveCfg = Release|Any CPU
		{DA12360E-FEC0-472B-A3F6-6926E91F1F3E}.Release|Any CPU.Build.0 = Release|Any CPU
	EndGlobalSection
	GlobalSection(SolutionProperties) = preSolution
		HideSolutionNode = FALSE
	EndGlobalSection
	GlobalSection(ExtensibilityGlobals) = postSolution
		SolutionGuid = {3F7A68B9-50F8-4AEA-891B-89472362C539}
	EndGlobalSection
EndGlobal
